// !$*UTF8*$!
{
	archiveVersion = 1;
	classes = {
	};
	objectVersion = 48;
	objects = {

/* Begin PBXBuildFile section */
		116232EC9EF624E73646AA73 /* Pods_currntLocGm.framework in Frameworks */ = {isa = PBXBuildFile; fileRef = 9AD00E21EE92AA4DF4929238 /* Pods_currntLocGm.framework */; };
		CB9B1F5820B538C70068D571 /* AppDelegate.swift in Sources */ = {isa = PBXBuildFile; fileRef = CB9B1F5720B538C70068D571 /* AppDelegate.swift */; };
		CB9B1F5A20B538C70068D571 /* ViewController.swift in Sources */ = {isa = PBXBuildFile; fileRef = CB9B1F5920B538C70068D571 /* ViewController.swift */; };
		CB9B1F5D20B538C70068D571 /* Main.storyboard in Resources */ = {isa = PBXBuildFile; fileRef = CB9B1F5B20B538C70068D571 /* Main.storyboard */; };
		CB9B1F5F20B538C70068D571 /* Assets.xcassets in Resources */ = {isa = PBXBuildFile; fileRef = CB9B1F5E20B538C70068D571 /* Assets.xcassets */; };
		CB9B1F6220B538C70068D571 /* LaunchScreen.storyboard in Resources */ = {isa = PBXBuildFile; fileRef = CB9B1F6020B538C70068D571 /* LaunchScreen.storyboard */; };
/* End PBXBuildFile section */

/* Begin PBXFileReference section */
		3D01A576340404AD005B6F77 /* Pods-currntLocGm.release.xcconfig */ = {isa = PBXFileReference; includeInIndex = 1; lastKnownFileType = text.xcconfig; name = "Pods-currntLocGm.release.xcconfig"; path = "Pods/Target Support Files/Pods-currntLocGm/Pods-currntLocGm.release.xcconfig"; sourceTree = "<group>"; };
		8FC161006074C82B6A52C308 /* Pods-currntLocGm.debug.xcconfig */ = {isa = PBXFileReference; includeInIndex = 1; lastKnownFileType = text.xcconfig; name = "Pods-currntLocGm.debug.xcconfig"; path = "Pods/Target Support Files/Pods-currntLocGm/Pods-currntLocGm.debug.xcconfig"; sourceTree = "<group>"; };
		9AD00E21EE92AA4DF4929238 /* Pods_currntLocGm.framework */ = {isa = PBXFileReference; explicitFileType = wrapper.framework; includeInIndex = 0; path = Pods_currntLocGm.framework; sourceTree = BUILT_PRODUCTS_DIR; };
		CB9B1F5420B538C70068D571 /* currntLocGm.app */ = {isa = PBXFileReference; explicitFileType = wrapper.application; includeInIndex = 0; path = currntLocGm.app; sourceTree = BUILT_PRODUCTS_DIR; };
		CB9B1F5720B538C70068D571 /* AppDelegate.swift */ = {isa = PBXFileReference; lastKnownFileType = sourcecode.swift; path = AppDelegate.swift; sourceTree = "<group>"; };
		CB9B1F5920B538C70068D571 /* ViewController.swift */ = {isa = PBXFileReference; lastKnownFileType = sourcecode.swift; path = ViewController.swift; sourceTree = "<group>"; };
		CB9B1F5C20B538C70068D571 /* Base */ = {isa = PBXFileReference; lastKnownFileType = file.storyboard; name = Base; path = Base.lproj/Main.storyboard; sourceTree = "<group>"; };
		CB9B1F5E20B538C70068D571 /* Assets.xcassets */ = {isa = PBXFileReference; lastKnownFileType = folder.assetcatalog; path = Assets.xcassets; sourceTree = "<group>"; };
		CB9B1F6120B538C70068D571 /* Base */ = {isa = PBXFileReference; lastKnownFileType = file.storyboard; name = Base; path = Base.lproj/LaunchScreen.storyboard; sourceTree = "<group>"; };
		CB9B1F6320B538C70068D571 /* Info.plist */ = {isa = PBXFileReference; lastKnownFileType = text.plist.xml; path = Info.plist; sourceTree = "<group>"; };
/* End PBXFileReference section */

/* Begin PBXFrameworksBuildPhase section */
		CB9B1F5120B538C70068D571 /* Frameworks */ = {
			isa = PBXFrameworksBuildPhase;
			buildActionMask = 2147483647;
			files = (
				116232EC9EF624E73646AA73 /* Pods_currntLocGm.framework in Frameworks */,
			);
			runOnlyForDeploymentPostprocessing = 0;
		};
/* End PBXFrameworksBuildPhase section */

/* Begin PBXGroup section */
		545F3924AF7CE117633F1411 /* Pods */ = {
			isa = PBXGroup;
			children = (
				8FC161006074C82B6A52C308 /* Pods-currntLocGm.debug.xcconfig */,
				3D01A576340404AD005B6F77 /* Pods-currntLocGm.release.xcconfig */,
			);
			name = Pods;
			sourceTree = "<group>";
		};
		CB9B1F4B20B538C70068D571 = {
			isa = PBXGroup;
			children = (
				CB9B1F5620B538C70068D571 /* currntLocGm */,
				CB9B1F5520B538C70068D571 /* Products */,
				545F3924AF7CE117633F1411 /* Pods */,
				EF33DC97BF071AEEA2CD5E3D /* Frameworks */,
			);
			sourceTree = "<group>";
		};
		CB9B1F5520B538C70068D571 /* Products */ = {
			isa = PBXGroup;
			children = (
				CB9B1F5420B538C70068D571 /* currntLocGm.app */,
			);
			name = Products;
			sourceTree = "<group>";
		};
		CB9B1F5620B538C70068D571 /* currntLocGm */ = {
			isa = PBXGroup;
			children = (
				CB9B1F5720B538C70068D571 /* AppDelegate.swift */,
				CB9B1F5920B538C70068D571 /* ViewController.swift */,
				CB9B1F5B20B538C70068D571 /* Main.storyboard */,
				CB9B1F5E20B538C70068D571 /* Assets.xcassets */,
				CB9B1F6020B538C70068D571 /* LaunchScreen.storyboard */,
				CB9B1F6320B538C70068D571 /* Info.plist */,
			);
			path = currntLocGm;
			sourceTree = "<group>";
		};
		EF33DC97BF071AEEA2CD5E3D /* Frameworks */ = {
			isa = PBXGroup;
			children = (
				9AD00E21EE92AA4DF4929238 /* Pods_currntLocGm.framework */,
			);
			name = Frameworks;
			sourceTree = "<group>";
		};
/* End PBXGroup section */

/* Begin PBXNativeTarget section */
		CB9B1F5320B538C70068D571 /* currntLocGm */ = {
			isa = PBXNativeTarget;
			buildConfigurationList = CB9B1F6620B538C70068D571 /* Build configuration list for PBXNativeTarget "currntLocGm" */;
			buildPhases = (
				B9B553D27DE800950A3A833C /* [CP] Check Pods Manifest.lock */,
				CB9B1F5020B538C70068D571 /* Sources */,
				CB9B1F5120B538C70068D571 /* Frameworks */,
				CB9B1F5220B538C70068D571 /* Resources */,
				D0D2341AEE01370BFEC91EE0 /* [CP] Copy Pods Resources */,
			);
			buildRules = (
			);
			dependencies = (
			);
			name = currntLocGm;
			productName = currntLocGm;
			productReference = CB9B1F5420B538C70068D571 /* currntLocGm.app */;
			productType = "com.apple.product-type.application";
		};
/* End PBXNativeTarget section */

/* Begin PBXProject section */
		CB9B1F4C20B538C70068D571 /* Project object */ = {
			isa = PBXProject;
			attributes = {
				LastSwiftUpdateCheck = 0920;
				LastUpgradeCheck = 0920;
				ORGANIZATIONNAME = Exaact;
				TargetAttributes = {
					CB9B1F5320B538C70068D571 = {
						CreatedOnToolsVersion = 9.2;
						ProvisioningStyle = Automatic;
					};
				};
			};
			buildConfigurationList = CB9B1F4F20B538C70068D571 /* Build configuration list for PBXProject "currntLocGm" */;
			compatibilityVersion = "Xcode 8.0";
			developmentRegion = en;
			hasScannedForEncodings = 0;
			knownRegions = (
				en,
				Base,
			);
			mainGroup = CB9B1F4B20B538C70068D571;
			productRefGroup = CB9B1F5520B538C70068D571 /* Products */;
			projectDirPath = "";
			projectRoot = "";
			targets = (
				CB9B1F5320B538C70068D571 /* currntLocGm */,
			);
		};
/* End PBXProject section */

/* Begin PBXResourcesBuildPhase section */
		CB9B1F5220B538C70068D571 /* Resources */ = {
			isa = PBXResourcesBuildPhase;
			buildActionMask = 2147483647;
			files = (
				CB9B1F6220B538C70068D571 /* LaunchScreen.storyboard in Resources */,
				CB9B1F5F20B538C70068D571 /* Assets.xcassets in Resources */,
				CB9B1F5D20B538C70068D571 /* Main.storyboard in Resources */,
			);
			runOnlyForDeploymentPostprocessing = 0;
		};
/* End PBXResourcesBuildPhase section */

/* Begin PBXShellScriptBuildPhase section */
		B9B553D27DE800950A3A833C /* [CP] Check Pods Manifest.lock */ = {
			isa = PBXShellScriptBuildPhase;
			buildActionMask = 2147483647;
			files = (
			);
			inputPaths = (
				"${PODS_PODFILE_DIR_PATH}/Podfile.lock",
				"${PODS_ROOT}/Manifest.lock",
			);
			name = "[CP] Check Pods Manifest.lock";
			outputPaths = (
				"$(DERIVED_FILE_DIR)/Pods-currntLocGm-checkManifestLockResult.txt",
			);
			runOnlyForDeploymentPostprocessing = 0;
			shellPath = /bin/sh;
			shellScript = "diff \"${PODS_PODFILE_DIR_PATH}/Podfile.lock\" \"${PODS_ROOT}/Manifest.lock\" > /dev/null\nif [ $? != 0 ] ; then\n    # print error to STDERR\n    echo \"error: The sandbox is not in sync with the Podfile.lock. Run 'pod install' or update your CocoaPods installation.\" >&2\n    exit 1\nfi\n# This output is used by Xcode 'outputs' to avoid re-running this script phase.\necho \"SUCCESS\" > \"${SCRIPT_OUTPUT_FILE_0}\"\n";
			showEnvVarsInLog = 0;
		};
		D0D2341AEE01370BFEC91EE0 /* [CP] Copy Pods Resources */ = {
			isa = PBXShellScriptBuildPhase;
			buildActionMask = 2147483647;
			files = (
			);
			inputPaths = (
				"${SRCROOT}/Pods/Target Support Files/Pods-currntLocGm/Pods-currntLocGm-resources.sh",
				"${PODS_ROOT}/GoogleMaps/Maps/Frameworks/GoogleMaps.framework/Resources/GoogleMaps.bundle",
				"${PODS_ROOT}/GooglePlaces/Frameworks/GooglePlaces.framework/Resources/GooglePlaces.bundle",
			);
			name = "[CP] Copy Pods Resources";
			outputPaths = (
				"${TARGET_BUILD_DIR}/${UNLOCALIZED_RESOURCES_FOLDER_PATH}/GoogleMaps.bundle",
				"${TARGET_BUILD_DIR}/${UNLOCALIZED_RESOURCES_FOLDER_PATH}/GooglePlaces.bundle",
			);
			runOnlyForDeploymentPostprocessing = 0;
			shellPath = /bin/sh;
			shellScript = "\"${SRCROOT}/Pods/Target Support Files/Pods-currntLocGm/Pods-currntLocGm-resources.sh\"\n";
			showEnvVarsInLog = 0;
		};
/* End PBXShellScriptBuildPhase section */

/* Begin PBXSourcesBuildPhase section */
		CB9B1F5020B538C70068D571 /* Sources */ = {
			isa = PBXSourcesBuildPhase;
			buildActionMask = 2147483647;
			files = (
				CB9B1F5A20B538C70068D571 /* ViewController.swift in Sources */,
				CB9B1F5820B538C70068D571 /* AppDelegate.swift in Sources */,
			);
			runOnlyForDeploymentPostprocessing = 0;
		};
/* End PBXSourcesBuildPhase section */

/* Begin PBXVariantGroup section */
		CB9B1F5B20B538C70068D571 /* Main.storyboard */ = {
			isa = PBXVariantGroup;
			children = (
				CB9B1F5C20B538C70068D571 /* Base */,
			);
			name = Main.storyboard;
			sourceTree = "<group>";
		};
		CB9B1F6020B538C70068D571 /* LaunchScreen.storyboard */ = {
			isa = PBXVariantGroup;
			children = (
				CB9B1F6120B538C70068D571 /* Base */,
			);
			name = LaunchScreen.storyboard;
			sourceTree = "<group>";
		};
/* End PBXVariantGroup section */

/* Begin XCBuildConfiguration section */
		CB9B1F6420B538C70068D571 /* Debug */ = {
			isa = XCBuildConfiguration;
			buildSettings = {
				ALWAYS_SEARCH_USER_PATHS = NO;
				CLANG_ANALYZER_NONNULL = YES;
				CLANG_ANALYZER_NUMBER_OBJECT_CONVERSION = YES_AGGRESSIVE;
				CLANG_CXX_LANGUAGE_STANDARD = "gnu++14";
				CLANG_CXX_LIBRARY = "libc++";
				CLANG_ENABLE_MODULES = YES;
				CLANG_ENABLE_OBJC_ARC = YES;
				CLANG_WARN_BLOCK_CAPTURE_AUTORELEASING = YES;
				CLANG_WARN_BOOL_CONVERSION = YES;
				CLANG_WARN_COMMA = YES;
				CLANG_WARN_CONSTANT_CONVERSION = YES;
				CLANG_WARN_DIRECT_OBJC_ISA_USAGE = YES_ERROR;
				CLANG_WARN_DOCUMENTATION_COMMENTS = YES;
				CLANG_WARN_EMPTY_BODY = YES;
				CLANG_WARN_ENUM_CONVERSION = YES;
				CLANG_WARN_INFINITE_RECURSION = YES;
				CLANG_WARN_INT_CONVERSION = YES;
				CLANG_WARN_NON_LITERAL_NULL_CONVERSION = YES;
				CLANG_WARN_OBJC_LITERAL_CONVERSION = YES;
				CLANG_WARN_OBJC_ROOT_CLASS = YES_ERROR;
				CLANG_WARN_RANGE_LOOP_ANALYSIS = YES;
				CLANG_WARN_STRICT_PROTOTYPES = YES;
				CLANG_WARN_SUSPICIOUS_MOVE = YES;
				CLANG_WARN_UNGUARDED_AVAILABILITY = YES_AGGRESSIVE;
				CLANG_WARN_UNREACHABLE_CODE = YES;
				CLANG_WARN__DUPLICATE_METHOD_MATCH = YES;
				CODE_SIGN_IDENTITY = "iPhone Developer";
				COPY_PHASE_STRIP = NO;
				DEBUG_INFORMATION_FORMAT = dwarf;
				ENABLE_STRICT_OBJC_MSGSEND = YES;
				ENABLE_TESTABILITY = YES;
				GCC_C_LANGUAGE_STANDARD = gnu11;
				GCC_DYNAMIC_NO_PIC = NO;
				GCC_NO_COMMON_BLOCKS = YES;
				GCC_OPTIMIZATION_LEVEL = 0;
				GCC_PREPROCESSOR_DEFINITIONS = (
					"DEBUG=1",
					"$(inherited)",
				);
				GCC_WARN_64_TO_32_BIT_CONVERSION = YES;
				GCC_WARN_ABOUT_RETURN_TYPE = YES_ERROR;
				GCC_WARN_UNDECLARED_SELECTOR = YES;
				GCC_WARN_UNINITIALIZED_AUTOS = YES_AGGRESSIVE;
				GCC_WARN_UNUSED_FUNCTION = YES;
				GCC_WARN_UNUSED_VARIABLE = YES;
				IPHONEOS_DEPLOYMENT_TARGET = 11.2;
				MTL_ENABLE_DEBUG_INFO = YES;
				ONLY_ACTIVE_ARCH = YES;
				SDKROOT = iphoneos;
				SWIFT_ACTIVE_COMPILATION_CONDITIONS = DEBUG;
				SWIFT_OPTIMIZATION_LEVEL = "-Onone";
			};
			name = Debug;
		};
		CB9B1F6520B538C70068D571 /* Release */ = {
			isa = XCBuildConfiguration;
			buildSettings = {
				ALWAYS_SEARCH_USER_PATHS = NO;
				CLANG_ANALYZER_NONNULL = YES;
				CLANG_ANALYZER_NUMBER_OBJECT_CONVERSION = YES_AGGRESSIVE;
				CLANG_CXX_LANGUAGE_STANDARD = "gnu++14";
				CLANG_CXX_LIBRARY = "libc++";
				CLANG_ENABLE_MODULES = YES;
				CLANG_ENABLE_OBJC_ARC = YES;
				CLANG_WARN_BLOCK_CAPTURE_AUTORELEASING = YES;
				CLANG_WARN_BOOL_CONVERSION = YES;
				CLANG_WARN_COMMA = YES;
				CLANG_WARN_CONSTANT_CONVERSION = YES;
				CLANG_WARN_DIRECT_OBJC_ISA_USAGE = YES_ERROR;
				CLANG_WARN_DOCUMENTATION_COMMENTS = YES;
				CLANG_WARN_EMPTY_BODY = YES;
				CLANG_WARN_ENUM_CONVERSION = YES;
				CLANG_WARN_INFINITE_RECURSION = YES;
				CLANG_WARN_INT_CONVERSION = YES;
				CLANG_WARN_NON_LITERAL_NULL_CONVERSION = YES;
				CLANG_WARN_OBJC_LITERAL_CONVERSION = YES;
				CLANG_WARN_OBJC_ROOT_CLASS = YES_ERROR;
				CLANG_WARN_RANGE_LOOP_ANALYSIS = YES;
				CLANG_WARN_STRICT_PROTOTYPES = YES;
				CLANG_WARN_SUSPICIOUS_MOVE = YES;
				CLANG_WARN_UNGUARDED_AVAILABILITY = YES_AGGRESSIVE;
				CLANG_WARN_UNREACHABLE_CODE = YES;
				CLANG_WARN__DUPLICATE_METHOD_MATCH = YES;
				CODE_SIGN_IDENTITY = "iPhone Developer";
				COPY_PHASE_STRIP = NO;
				DEBUG_INFORMATION_FORMAT = "dwarf-with-dsym";
				ENABLE_NS_ASSERTIONS = NO;
				ENABLE_STRICT_OBJC_MSGSEND = YES;
				GCC_C_LANGUAGE_STANDARD = gnu11;
				GCC_NO_COMMON_BLOCKS = YES;
				GCC_WARN_64_TO_32_BIT_CONVERSION = YES;
				GCC_WARN_ABOUT_RETURN_TYPE = YES_ERROR;
				GCC_WARN_UNDECLARED_SELECTOR = YES;
				GCC_WARN_UNINITIALIZED_AUTOS = YES_AGGRESSIVE;
				GCC_WARN_UNUSED_FUNCTION = YES;
				GCC_WARN_UNUSED_VARIABLE = YES;
				IPHONEOS_DEPLOYMENT_TARGET = 11.2;
				MTL_ENABLE_DEBUG_INFO = NO;
				SDKROOT = iphoneos;
				SWIFT_OPTIMIZATION_LEVEL = "-Owholemodule";
				VALIDATE_PRODUCT = YES;
			};
			name = Release;
		};
		CB9B1F6720B538C70068D571 /* Debug */ = {
			isa = XCBuildConfiguration;
			baseConfigurationReference = 8FC161006074C82B6A52C308 /* Pods-currntLocGm.debug.xcconfig */;
			buildSettings = {
				ASSETCATALOG_COMPILER_APPICON_NAME = AppIcon;
				CODE_SIGN_STYLE = Automatic;
				DEVELOPMENT_TEAM = 4755664329;
				INFOPLIST_FILE = currntLocGm/Info.plist;
				IPHONEOS_DEPLOYMENT_TARGET = 12.0;
				LD_RUNPATH_SEARCH_PATHS = "$(inherited) @executable_path/Frameworks";
				PRODUCT_BUNDLE_IDENTIFIER = Exaact.currntLocGm;
				PRODUCT_NAME = "$(TARGET_NAME)";
				SWIFT_VERSION = 4.0;
				TARGETED_DEVICE_FAMILY = "1,2";
			};
			name = Debug;
		};
		CB9B1F6820B538C70068D571 /* Release */ = {
			isa = XCBuildConfiguration;
			baseConfigurationReference = 3D01A576340404AD005B6F77 /* Pods-currntLocGm.release.xcconfig */;
			buildSettings = {
				ASSETCATALOG_COMPILER_APPICON_NAME = AppIcon;
				CODE_SIGN_STYLE = Automatic;
				DEVELOPMENT_TEAM = 4755664329;
				INFOPLIST_FILE = currntLocGm/Info.plist;
				IPHONEOS_DEPLOYMENT_TARGET = 12.0;
				LD_RUNPATH_SEARCH_PATHS = "$(inherited) @executable_path/Frameworks";
				PRODUCT_BUNDLE_IDENTIFIER = Exaact.currntLocGm;
				PRODUCT_NAME = "$(TARGET_NAME)";
				SWIFT_VERSION = 4.0;
				TARGETED_DEVICE_FAMILY = "1,2";
			};
			name = Release;
		};
/* End XCBuildConfiguration section */

/* Begin XCConfigurationList section */
		CB9B1F4F20B538C70068D571 /* Build configuration list for PBXProject "currntLocGm" */ = {
			isa = XCConfigurationList;
			buildConfigurations = (
				CB9B1F6420B538C70068D571 /* Debug */,
				CB9B1F6520B538C70068D571 /* Release */,
			);
			defaultConfigurationIsVisible = 0;
			defaultConfigurationName = Release;
		};
		CB9B1F6620B538C70068D571 /* Build configuration list for PBXNativeTarget "currntLocGm" */ = {
			isa = XCConfigurationList;
			buildConfigurations = (
				CB9B1F6720B538C70068D571 /* Debug */,
				CB9B1F6820B538C70068D571 /* Release */,
			);
			defaultConfigurationIsVisible = 0;
			defaultConfigurationName = Release;
		};
/* End XCConfigurationList section */
	};
	rootObject = CB9B1F4C20B538C70068D571 /* Project object */;
}
